
Microsoft Visual Studio Solution File, Format Version 12.00
# Visual Studio Version 16
VisualStudioVersion = 16.0.31424.327
MinimumVisualStudioVersion = 10.0.40219.1
Project("{9A19103F-16F7-4668-BE54-9A1E7A4F7556}") = "IGym.WebApi", "src\IGym.App\IGym.WebApi.csproj", "{253333B2-D669-45EE-94E0-36869A56F439}"
EndProject
Project("{9A19103F-16F7-4668-BE54-9A1E7A4F7556}") = "IGym.IRepository", "src\IGym.IRepository\IGym.IRepository.csproj", "{CB1166BC-520A-4C6A-81A1-432B4B396381}"
EndProject
Project("{2150E333-8FDC-42A3-9474-1A3956D46DE8}") = "Repository", "Repository", "{87D40BFE-F4CE-41A3-B2AD-5CFABB04AF92}"
EndProject
Project("{9A19103F-16F7-4668-BE54-9A1E7A4F7556}") = "IGym.EFRepository", "src\IGym.EFRepository\IGym.EFRepository.csproj", "{ADC7BE88-7B65-453B-A24D-C3E3855CEBA6}"
EndProject
Project("{2150E333-8FDC-42A3-9474-1A3956D46DE8}") = "Application", "Application", "{209BEAB9-5532-4E9F-A319-901EB8FD6EF9}"
EndProject
Project("{9A19103F-16F7-4668-BE54-9A1E7A4F7556}") = "IGym.Application", "src\IGym.Application\IGym.Application.csproj", "{AC971EFC-CB9F-4E00-96A3-4EDCD5BC74DE}"
EndProject
Global
	GlobalSection(SolutionConfigurationPlatforms) = preSolution
		Debug|Any CPU = Debug|Any CPU
		Release|Any CPU = Release|Any CPU
	EndGlobalSection
	GlobalSection(ProjectConfigurationPlatforms) = postSolution
		{253333B2-D669-45EE-94E0-36869A56F439}.Debug|Any CPU.ActiveCfg = Debug|Any CPU
		{253333B2-D669-45EE-94E0-36869A56F439}.Debug|Any CPU.Build.0 = Debug|Any CPU
		{253333B2-D669-45EE-94E0-36869A56F439}.Release|Any CPU.ActiveCfg = Release|Any CPU
		{253333B2-D669-45EE-94E0-36869A56F439}.Release|Any CPU.Build.0 = Release|Any CPU
		{CB1166BC-520A-4C6A-81A1-432B4B396381}.Debug|Any CPU.ActiveCfg = Debug|Any CPU
		{CB1166BC-520A-4C6A-81A1-432B4B396381}.Debug|Any CPU.Build.0 = Debug|Any CPU
		{CB1166BC-520A-4C6A-81A1-432B4B396381}.Release|Any CPU.ActiveCfg = Release|Any CPU
		{CB1166BC-520A-4C6A-81A1-432B4B396381}.Release|Any CPU.Build.0 = Release|Any CPU
		{ADC7BE88-7B65-453B-A24D-C3E3855CEBA6}.Debug|Any CPU.ActiveCfg = Debug|Any CPU
		{ADC7BE88-7B65-453B-A24D-C3E3855CEBA6}.Debug|Any CPU.Build.0 = Debug|Any CPU
		{ADC7BE88-7B65-453B-A24D-C3E3855CEBA6}.Release|Any CPU.ActiveCfg = Release|Any CPU
		{ADC7BE88-7B65-453B-A24D-C3E3855CEBA6}.Release|Any CPU.Build.0 = Release|Any CPU
		{AC971EFC-CB9F-4E00-96A3-4EDCD5BC74DE}.Debug|Any CPU.ActiveCfg = Debug|Any CPU
		{AC971EFC-CB9F-4E00-96A3-4EDCD5BC74DE}.Debug|Any CPU.Build.0 = Debug|Any CPU
		{AC971EFC-CB9F-4E00-96A3-4EDCD5BC74DE}.Release|Any CPU.ActiveCfg = Release|Any CPU
		{AC971EFC-CB9F-4E00-96A3-4EDCD5BC74DE}.Release|Any CPU.Build.0 = Release|Any CPU
	EndGlobalSection
	GlobalSection(SolutionProperties) = preSolution
		HideSolutionNode = FALSE
	EndGlobalSection
	GlobalSection(NestedProjects) = preSolution
		{CB1166BC-520A-4C6A-81A1-432B4B396381} = {87D40BFE-F4CE-41A3-B2AD-5CFABB04AF92}
		{ADC7BE88-7B65-453B-A24D-C3E3855CEBA6} = {87D40BFE-F4CE-41A3-B2AD-5CFABB04AF92}
		{AC971EFC-CB9F-4E00-96A3-4EDCD5BC74DE} = {209BEAB9-5532-4E9F-A319-901EB8FD6EF9}
	EndGlobalSection
	GlobalSection(ExtensibilityGlobals) = postSolution
		SolutionGuid = {4EA4DD06-6025-471C-B67E-376BE1FE95BC}
	EndGlobalSection
EndGlobal
